
Microsoft Visual Studio Solution File, Format Version 12.00
# Visual Studio 14
VisualStudioVersion = 14.0.23107.0
MinimumVisualStudioVersion = 10.0.40219.1
Project("{8BC9CEB8-8B4A-11D0-8D11-00A0C91BC942}") = "Lokata", "Lokata\Lokata.vcxproj", "{DC8FA7CB-896C-4CAF-AE4F-8A15F7B4871B}"
EndProject
Global
	GlobalSection(SolutionConfigurationPlatforms) = preSolution
		Debug|x64 = Debug|x64
		Debug|x86 = Debug|x86
		Release|x64 = Release|x64
		Release|x86 = Release|x86
	EndGlobalSection
	GlobalSection(ProjectConfigurationPlatforms) = postSolution
		{DC8FA7CB-896C-4CAF-AE4F-8A15F7B4871B}.Debug|x64.ActiveCfg = Debug|x64
		{DC8FA7CB-896C-4CAF-AE4F-8A15F7B4871B}.Debug|x64.Build.0 = Debug|x64
		{DC8FA7CB-896C-4CAF-AE4F-8A15F7B4871B}.Debug|x86.ActiveCfg = Debug|Win32
		{DC8FA7CB-896C-4CAF-AE4F-8A15F7B4871B}.Debug|x86.Build.0 = Debug|Win32
		{DC8FA7CB-896C-4CAF-AE4F-8A15F7B4871B}.Release|x64.ActiveCfg = Release|x64
		{DC8FA7CB-896C-4CAF-AE4F-8A15F7B4871B}.Release|x64.Build.0 = Release|x64
		{DC8FA7CB-896C-4CAF-AE4F-8A15F7B4871B}.Release|x86.ActiveCfg = Release|Win32
		{DC8FA7CB-896C-4CAF-AE4F-8A15F7B4871B}.Release|x86.Build.0 = Release|Win32
	EndGlobalSection
	GlobalSection(SolutionProperties) = preSolution
		HideSolutionNode = FALSE
	EndGlobalSection
EndGlobal
